{
  "name": "csv_transform",
  "version": "1.0.0",
  "lockfileVersion": 1,
  "requires": true,
  "dependencies": {
    "csv-parse": {
      "version": "3.0.0",
      "resolved": "https://registry.npmjs.org/csv-parse/-/csv-parse-3.0.0.tgz",
      "integrity": "sha512-h58BzkfwYNY1gyfl6NUZe1OKxXy/Pn6ZeXlkz3fdLdg/r3Om+lgMySw9SxH7rDs8ARFFyIc6UI6fLnaeRkjNPQ=="
    },
    "stream-transform": {
      "version": "1.0.2",
      "resolved": "https://registry.npmjs.org/stream-transform/-/stream-transform-1.0.2.tgz",
      "integrity": "sha512-LNcZSF01PZ+bM0OqwPY7UHPiKoxSmLGHAcqakvh01DCU98ONEslLORdyBPdmTqjTpZSfCiaYLV4sci9y5M47oA=="
    }
  }
}
